# @generated - this file is auto-generated by `mise lock` https://mise.jdx.dev/dev-tools/mise-lock.html

lockfile_version = 1

[[tools.aws-cli]]
version = "2.36.49"
backend = "aqua:aws/aws-cli"
specifiers = ["latest"]

[[tools.claude]]
version = "2.1.280"
backend = "aqua:anthropics/claude-code"
specifiers = ["2.1.280"]

[[tools.codex]]
version = "0.154.0"
backend = "aqua:openai/codex"
specifiers = ["latest"]

[[tools.github-cli]]
version = "2.101.0"
backend = "aqua:cli/cli"
specifiers = ["latest"]

[[tools.grok]]
version = "1.0.34"
backend = "http:grok"
specifiers = ["latest"]

[[tools.node]]
version = "24.19.0"
backend = "core:node"
specifiers = ["24"]

[[tools.opencode]]
version = "1.18.31"
backend = "aqua:anomalyco/opencode"
specifiers = ["latest"]

[[tools.opentofu]]
version = "1.12.6"
backend = "aqua:opentofu/opentofu"
specifiers = ["latest"]

[[tools.pnpm]]
version = "12.2.1"
backend = "aqua:pnpm/pnpm"
specifiers = ["12"]

[[tools.python]]
version = "3.14.6"
backend = "core:python"
specifiers = ["3.14"]

[[tools.uv]]
version = "0.12.15"
backend = "aqua:astral-sh/uv"
specifiers = ["latest"]
